// !$*UTF8*$!
{
	archiveVersion = 1;
	classes = {
	};
	objectVersion = 50;
	objects = {

/* Begin PBXBuildFile section */
		F41BB6922458DC49001D58A5 /* TableViewCell.swift in Sources */ = {isa = PBXBuildFile; fileRef = F41BB6912458DC49001D58A5 /* TableViewCell.swift */; };
		F428B4222457A88400BB0157 /* AppDelegate.swift in Sources */ = {isa = PBXBuildFile; fileRef = F428B4212457A88400BB0157 /* AppDelegate.swift */; };
		F428B4242457A88400BB0157 /* ViewController.swift in Sources */ = {isa = PBXBuildFile; fileRef = F428B4232457A88400BB0157 /* ViewController.swift */; };
		F428B4272457A88400BB0157 /* Main.storyboard in Resources */ = {isa = PBXBuildFile; fileRef = F428B4252457A88400BB0157 /* Main.storyboard */; };
		F428B4292457A88600BB0157 /* Assets.xcassets in Resources */ = {isa = PBXBuildFile; fileRef = F428B4282457A88600BB0157 /* Assets.xcassets */; };
		F428B42C2457A88600BB0157 /* LaunchScreen.storyboard in Resources */ = {isa = PBXBuildFile; fileRef = F428B42A2457A88600BB0157 /* LaunchScreen.storyboard */; };
		F428B4342457AA4A00BB0157 /* CollectionViewCell.swift in Sources */ = {isa = PBXBuildFile; fileRef = F428B4332457AA4A00BB0157 /* CollectionViewCell.swift */; };
/* End PBXBuildFile section */

/* Begin PBXFileReference section */
		F41BB6912458DC49001D58A5 /* TableViewCell.swift */ = {isa = PBXFileReference; lastKnownFileType = sourcecode.swift; path = TableViewCell.swift; sourceTree = "<group>"; };
		F428B41E2457A88400BB0157 /* stepNext.app */ = {isa = PBXFileReference; explicitFileType = wrapper.application; includeInIndex = 0; path = stepNext.app; sourceTree = BUILT_PRODUCTS_DIR; };
		F428B4212457A88400BB0157 /* AppDelegate.swift */ = {isa = PBXFileReference; lastKnownFileType = sourcecode.swift; path = AppDelegate.swift; sourceTree = "<group>"; };
		F428B4232457A88400BB0157 /* ViewController.swift */ = {isa = PBXFileReference; lastKnownFileType = sourcecode.swift; path = ViewController.swift; sourceTree = "<group>"; };
		F428B4262457A88400BB0157 /* Base */ = {isa = PBXFileReference; lastKnownFileType = file.storyboard; name = Base; path = Base.lproj/Main.storyboard; sourceTree = "<group>"; };
		F428B4282457A88600BB0157 /* Assets.xcassets */ = {isa = PBXFileReference; lastKnownFileType = folder.assetcatalog; path = Assets.xcassets; sourceTree = "<group>"; };
		F428B42B2457A88600BB0157 /* Base */ = {isa = PBXFileReference; lastKnownFileType = file.storyboard; name = Base; path = Base.lproj/LaunchScreen.storyboard; sourceTree = "<group>"; };
		F428B42D2457A88600BB0157 /* Info.plist */ = {isa = PBXFileReference; lastKnownFileType = text.plist.xml; path = Info.plist; sourceTree = "<group>"; };
		F428B4332457AA4A00BB0157 /* CollectionViewCell.swift */ = {isa = PBXFileReference; lastKnownFileType = sourcecode.swift; path = CollectionViewCell.swift; sourceTree = "<group>"; };
/* End PBXFileReference section */

/* Begin PBXFrameworksBuildPhase section */
		F428B41B2457A88400BB0157 /* Frameworks */ = {
			isa = PBXFrameworksBuildPhase;
			buildActionMask = 2147483647;
			files = (
			);
			runOnlyForDeploymentPostprocessing = 0;
		};
/* End PBXFrameworksBuildPhase section */

/* Begin PBXGroup section */
		F428B4152457A88300BB0157 = {
			isa = PBXGroup;
			children = (
				F428B4202457A88400BB0157 /* stepNext */,
				F428B41F2457A88400BB0157 /* Products */,
			);
			sourceTree = "<group>";
		};
		F428B41F2457A88400BB0157 /* Products */ = {
			isa = PBXGroup;
			children = (
				F428B41E2457A88400BB0157 /* stepNext.app */,
			);
			name = Products;
			sourceTree = "<group>";
		};
		F428B4202457A88400BB0157 /* stepNext */ = {
			isa = PBXGroup;
			children = (
				F428B4212457A88400BB0157 /* AppDelegate.swift */,
				F428B4232457A88400BB0157 /* ViewController.swift */,
				F428B4252457A88400BB0157 /* Main.storyboard */,
				F41BB6912458DC49001D58A5 /* TableViewCell.swift */,
				F428B4332457AA4A00BB0157 /* CollectionViewCell.swift */,
				F428B4282457A88600BB0157 /* Assets.xcassets */,
				F428B42A2457A88600BB0157 /* LaunchScreen.storyboard */,
				F428B42D2457A88600BB0157 /* Info.plist */,
			);
			path = stepNext;
			sourceTree = "<group>";
		};
/* End PBXGroup section */

/* Begin PBXNativeTarget section */
		F428B41D2457A88400BB0157 /* stepNext */ = {
			isa = PBXNativeTarget;
			buildConfigurationList = F428B4302457A88600BB0157 /* Build configuration list for PBXNativeTarget "stepNext" */;
			buildPhases = (
				F428B41A2457A88400BB0157 /* Sources */,
				F428B41B2457A88400BB0157 /* Frameworks */,
				F428B41C2457A88400BB0157 /* Resources */,
			);
			buildRules = (
			);
			dependencies = (
			);
			name = stepNext;
			productName = stepNext;
			productReference = F428B41E2457A88400BB0157 /* stepNext.app */;
			productType = "com.apple.product-type.application";
		};
/* End PBXNativeTarget section */

/* Begin PBXProject section */
		F428B4162457A88300BB0157 /* Project object */ = {
			isa = PBXProject;
			attributes = {
				LastSwiftUpdateCheck = 1010;
				LastUpgradeCheck = 1010;
				ORGANIZATIONNAME = deepo;
				TargetAttributes = {
					F428B41D2457A88400BB0157 = {
						CreatedOnToolsVersion = 10.1;
					};
				};
			};
			buildConfigurationList = F428B4192457A88300BB0157 /* Build configuration list for PBXProject "stepNext" */;
			compatibilityVersion = "Xcode 9.3";
			developmentRegion = en;
			hasScannedForEncodings = 0;
			knownRegions = (
				en,
				Base,
			);
			mainGroup = F428B4152457A88300BB0157;
			productRefGroup = F428B41F2457A88400BB0157 /* Products */;
			projectDirPath = "";
			projectRoot = "";
			targets = (
				F428B41D2457A88400BB0157 /* stepNext */,
			);
		};
/* End PBXProject section */

/* Begin PBXResourcesBuildPhase section */
		F428B41C2457A88400BB0157 /* Resources */ = {
			isa = PBXResourcesBuildPhase;
			buildActionMask = 2147483647;
			files = (
				F428B42C2457A88600BB0157 /* LaunchScreen.storyboard in Resources */,
				F428B4292457A88600BB0157 /* Assets.xcassets in Resources */,
				F428B4272457A88400BB0157 /* Main.storyboard in Resources */,
			);
			runOnlyForDeploymentPostprocessing = 0;
		};
/* End PBXResourcesBuildPhase section */

/* Begin PBXSourcesBuildPhase section */
		F428B41A2457A88400BB0157 /* Sources */ = {
			isa = PBXSourcesBuildPhase;
			buildActionMask = 2147483647;
			files = (
				F428B4242457A88400BB0157 /* ViewController.swift in Sources */,
				F41BB6922458DC49001D58A5 /* TableViewCell.swift in Sources */,
				F428B4222457A88400BB0157 /* AppDelegate.swift in Sources */,
				F428B4342457AA4A00BB0157 /* CollectionViewCell.swift in Sources */,
			);
			runOnlyForDeploymentPostprocessing = 0;
		};
/* End PBXSourcesBuildPhase section */

/* Begin PBXVariantGroup section */
		F428B4252457A88400BB0157 /* Main.storyboard */ = {
			isa = PBXVariantGroup;
			children = (
				F428B4262457A88400BB0157 /* Base */,
			);
			name = Main.storyboard;
			sourceTree = "<group>";
		};
		F428B42A2457A88600BB0157 /* LaunchScreen.storyboard */ = {
			isa = PBXVariantGroup;
			children = (
				F428B42B2457A88600BB0157 /* Base */,
			);
			name = LaunchScreen.storyboard;
			sourceTree = "<group>";
		};
/* End PBXVariantGroup section */

/* Begin XCBuildConfiguration section */
		F428B42E2457A88600BB0157 /* Debug */ = {
			isa = XCBuildConfiguration;
			buildSettings = {
				ALWAYS_SEARCH_USER_PATHS = NO;
				CLANG_ANALYZER_NONNULL = YES;
				CLANG_ANALYZER_NUMBER_OBJECT_CONVERSION = YES_AGGRESSIVE;
				CLANG_CXX_LANGUAGE_STANDARD = "gnu++14";
				CLANG_CXX_LIBRARY = "libc++";
				CLANG_ENABLE_MODULES = YES;
				CLANG_ENABLE_OBJC_ARC = YES;
				CLANG_ENABLE_OBJC_WEAK = YES;
				CLANG_WARN_BLOCK_CAPTURE_AUTORELEASING = YES;
				CLANG_WARN_BOOL_CONVERSION = YES;
				CLANG_WARN_COMMA = YES;
				CLANG_WARN_CONSTANT_CONVERSION = YES;
				CLANG_WARN_DEPRECATED_OBJC_IMPLEMENTATIONS = YES;
				CLANG_WARN_DIRECT_OBJC_ISA_USAGE = YES_ERROR;
				CLANG_WARN_DOCUMENTATION_COMMENTS = YES;
				CLANG_WARN_EMPTY_BODY = YES;
				CLANG_WARN_ENUM_CONVERSION = YES;
				CLANG_WARN_INFINITE_RECURSION = YES;
				CLANG_WARN_INT_CONVERSION = YES;
				CLANG_WARN_NON_LITERAL_NULL_CONVERSION = YES;
				CLANG_WARN_OBJC_IMPLICIT_RETAIN_SELF = YES;
				CLANG_WARN_OBJC_LITERAL_CONVERSION = YES;
				CLANG_WARN_OBJC_ROOT_CLASS = YES_ERROR;
				CLANG_WARN_RANGE_LOOP_ANALYSIS = YES;
				CLANG_WARN_STRICT_PROTOTYPES = YES;
				CLANG_WARN_SUSPICIOUS_MOVE = YES;
				CLANG_WARN_UNGUARDED_AVAILABILITY = YES_AGGRESSIVE;
				CLANG_WARN_UNREACHABLE_CODE = YES;
				CLANG_WARN__DUPLICATE_METHOD_MATCH = YES;
				CODE_SIGN_IDENTITY = "iPhone Developer";
				COPY_PHASE_STRIP = NO;
				DEBUG_INFORMATION_FORMAT = dwarf;
				ENABLE_STRICT_OBJC_MSGSEND = YES;
				ENABLE_TESTABILITY = YES;
				GCC_C_LANGUAGE_STANDARD = gnu11;
				GCC_DYNAMIC_NO_PIC = NO;
				GCC_NO_COMMON_BLOCKS = YES;
				GCC_OPTIMIZATION_LEVEL = 0;
				GCC_PREPROCESSOR_DEFINITIONS = (
					"DEBUG=1",
					"$(inherited)",
				);
				GCC_WARN_64_TO_32_BIT_CONVERSION = YES;
				GCC_WARN_ABOUT_RETURN_TYPE = YES_ERROR;
				GCC_WARN_UNDECLARED_SELECTOR = YES;
				GCC_WARN_UNINITIALIZED_AUTOS = YES_AGGRESSIVE;
				GCC_WARN_UNUSED_FUNCTION = YES;
				GCC_WARN_UNUSED_VARIABLE = YES;
				IPHONEOS_DEPLOYMENT_TARGET = 12.1;
				MTL_ENABLE_DEBUG_INFO = INCLUDE_SOURCE;
				MTL_FAST_MATH = YES;
				ONLY_ACTIVE_ARCH = YES;
				SDKROOT = iphoneos;
				SWIFT_ACTIVE_COMPILATION_CONDITIONS = DEBUG;
				SWIFT_OPTIMIZATION_LEVEL = "-Onone";
			};
			name = Debug;
		};
		F428B42F2457A88600BB0157 /* Release */ = {
			isa = XCBuildConfiguration;
			buildSettings = {
				ALWAYS_SEARCH_USER_PATHS = NO;
				CLANG_ANALYZER_NONNULL = YES;
				CLANG_ANALYZER_NUMBER_OBJECT_CONVERSION = YES_AGGRESSIVE;
				CLANG_CXX_LANGUAGE_STANDARD = "gnu++14";
				CLANG_CXX_LIBRARY = "libc++";
				CLANG_ENABLE_MODULES = YES;
				CLANG_ENABLE_OBJC_ARC = YES;
				CLANG_ENABLE_OBJC_WEAK = YES;
				CLANG_WARN_BLOCK_CAPTURE_AUTORELEASING = YES;
				CLANG_WARN_BOOL_CONVERSION = YES;
				CLANG_WARN_COMMA = YES;
				CLANG_WARN_CONSTANT_CONVERSION = YES;
				CLANG_WARN_DEPRECATED_OBJC_IMPLEMENTATIONS = YES;
				CLANG_WARN_DIRECT_OBJC_ISA_USAGE = YES_ERROR;
				CLANG_WARN_DOCUMENTATION_COMMENTS = YES;
				CLANG_WARN_EMPTY_BODY = YES;
				CLANG_WARN_ENUM_CONVERSION = YES;
				CLANG_WARN_INFINITE_RECURSION = YES;
				CLANG_WARN_INT_CONVERSION = YES;
				CLANG_WARN_NON_LITERAL_NULL_CONVERSION = YES;
				CLANG_WARN_OBJC_IMPLICIT_RETAIN_SELF = YES;
				CLANG_WARN_OBJC_LITERAL_CONVERSION = YES;
				CLANG_WARN_OBJC_ROOT_CLASS = YES_ERROR;
				CLANG_WARN_RANGE_LOOP_ANALYSIS = YES;
				CLANG_WARN_STRICT_PROTOTYPES = YES;
				CLANG_WARN_SUSPICIOUS_MOVE = YES;
				CLANG_WARN_UNGUARDED_AVAILABILITY = YES_AGGRESSIVE;
				CLANG_WARN_UNREACHABLE_CODE = YES;
				CLANG_WARN__DUPLICATE_METHOD_MATCH = YES;
				CODE_SIGN_IDENTITY = "iPhone Developer";
				COPY_PHASE_STRIP = NO;
				DEBUG_INFORMATION_FORMAT = "dwarf-with-dsym";
				ENABLE_NS_ASSERTIONS = NO;
				ENABLE_STRICT_OBJC_MSGSEND = YES;
				GCC_C_LANGUAGE_STANDARD = gnu11;
				GCC_NO_COMMON_BLOCKS = YES;
				GCC_WARN_64_TO_32_BIT_CONVERSION = YES;
				GCC_WARN_ABOUT_RETURN_TYPE = YES_ERROR;
				GCC_WARN_UNDECLARED_SELECTOR = YES;
				GCC_WARN_UNINITIALIZED_AUTOS = YES_AGGRESSIVE;
				GCC_WARN_UNUSED_FUNCTION = YES;
				GCC_WARN_UNUSED_VARIABLE = YES;
				IPHONEOS_DEPLOYMENT_TARGET = 12.1;
				MTL_ENABLE_DEBUG_INFO = NO;
				MTL_FAST_MATH = YES;
				SDKROOT = iphoneos;
				SWIFT_COMPILATION_MODE = wholemodule;
				SWIFT_OPTIMIZATION_LEVEL = "-O";
				VALIDATE_PRODUCT = YES;
			};
			name = Release;
		};
		F428B4312457A88600BB0157 /* Debug */ = {
			isa = XCBuildConfiguration;
			buildSettings = {
				ASSETCATALOG_COMPILER_APPICON_NAME = AppIcon;
				CODE_SIGN_STYLE = Automatic;
				INFOPLIST_FILE = stepNext/Info.plist;
				LD_RUNPATH_SEARCH_PATHS = (
					"$(inherited)",
					"@executable_path/Frameworks",
				);
				PRODUCT_BUNDLE_IDENTIFIER = first.com.stepNext;
				PRODUCT_NAME = "$(TARGET_NAME)";
				SWIFT_VERSION = 4.2;
				TARGETED_DEVICE_FAMILY = "1,2";
			};
			name = Debug;
		};
		F428B4322457A88600BB0157 /* Release */ = {
			isa = XCBuildConfiguration;
			buildSettings = {
				ASSETCATALOG_COMPILER_APPICON_NAME = AppIcon;
				CODE_SIGN_STYLE = Automatic;
				INFOPLIST_FILE = stepNext/Info.plist;
				LD_RUNPATH_SEARCH_PATHS = (
					"$(inherited)",
					"@executable_path/Frameworks",
				);
				PRODUCT_BUNDLE_IDENTIFIER = first.com.stepNext;
				PRODUCT_NAME = "$(TARGET_NAME)";
				SWIFT_VERSION = 4.2;
				TARGETED_DEVICE_FAMILY = "1,2";
			};
			name = Release;
		};
/* End XCBuildConfiguration section */

/* Begin XCConfigurationList section */
		F428B4192457A88300BB0157 /* Build configuration list for PBXProject "stepNext" */ = {
			isa = XCConfigurationList;
			buildConfigurations = (
				F428B42E2457A88600BB0157 /* Debug */,
				F428B42F2457A88600BB0157 /* Release */,
			);
			defaultConfigurationIsVisible = 0;
			defaultConfigurationName = Release;
		};
		F428B4302457A88600BB0157 /* Build configuration list for PBXNativeTarget "stepNext" */ = {
			isa = XCConfigurationList;
			buildConfigurations = (
				F428B4312457A88600BB0157 /* Debug */,
				F428B4322457A88600BB0157 /* Release */,
			);
			defaultConfigurationIsVisible = 0;
			defaultConfigurationName = Release;
		};
/* End XCConfigurationList section */
	};
	rootObject = F428B4162457A88300BB0157 /* Project object */;
}
